dependencies:
- name: pgvector
  repository: https://rh-ai-quickstart.github.io/ai-architecture-charts
  version: 0.5.5
- name: llm-service
  repository: https://rh-ai-quickstart.github.io/ai-architecture-charts
  version: 0.5.9
- name: configure-pipeline
  repository: https://rh-ai-quickstart.github.io/ai-architecture-charts
  version: 0.5.6
- name: ingestion-pipeline
  repository: https://rh-ai-quickstart.github.io/ai-architecture-charts
  version: 0.7.0
- name: llama-stack
  repository: https://rh-ai-quickstart.github.io/ai-architecture-charts
  version: 0.7.0
- name: mcp-servers
  repository: https://rh-ai-quickstart.github.io/ai-architecture-charts
  version: 0.5.15
digest: sha256:c8f91ea567adc2c26fab37dd988f33b830320e93afdf38397455a149eae79b18
generated: "2026-02-18T00:51:25.763867-05:00"
